# This file is autogenerated, do not edit; changes may be undone by the next 'dep ensure'.


[[projects]]
  digest = "1:e626376fab8608a972d47e91b3c1bbbddaecaf1d42b82be6dcc52d10a7557893"
  name = "github.com/VividCortex/ewma"
  packages = ["."]
  pruneopts = "UT"
  revision = "b24eb346a94c3ba12c1da1e564dbac1b498a77ce"
  version = "v1.1.1"

[[projects]]
  digest = "1:0981502f9816113c9c8c4ac301583841855c8cf4da8c72f696b3ebedf6d0e4e5"
  name = "github.com/mattn/go-isatty"
  packages = ["."]
  pruneopts = "UT"
  revision = "6ca4dbf54d38eea1a992b3c722a76a5d1c4cb25c"
  version = "v0.0.4"

[[projects]]
  branch = "go1"
  digest = "1:af16004ff01450a8ceced637b81f167e21eb9b550821e29352da5cd641e18d6b"
  name = "github.com/rwcarlsen/goexif"
  packages = [
    "exif",
    "mknote",
    "tiff",
  ]
  pruneopts = "UT"
  revision = "b1fd11e07dc5bc0d2ca3b79d28cbdf3c6d186247"

[[projects]]
  digest = "1:14a604a5bde4860d4f8abfc0df514d8edcdf6902bd09176bd18b8b69534ed87a"
  name = "github.com/vbauerster/mpb"
  packages = [
    ".",
    "cwriter",
    "decor",
    "internal",
  ]
  pruneopts = "UT"
  revision = "fbc6960bc81e6c0ef7f1d32f12923934f1f5836f"
  version = "v3.3.4"

[[projects]]
  branch = "master"
  digest = "1:fde12c4da6237363bf36b81b59aa36a43d28061167ec4acb0d41fc49464e28b9"
  name = "golang.org/x/crypto"
  packages = ["ssh/terminal"]
  pruneopts = "UT"
  revision = "b8fe1690c61389d7d2a8074a507d1d40c5d30448"

[[projects]]
  branch = "master"
  digest = "1:a1914323eabb0da3b4392fb0d34b1ae5b6b531323daf4eeddc355d8000982052"
  name = "golang.org/x/sys"
  packages = [
    "unix",
    "windows",
  ]
  pruneopts = "UT"
  revision = "41f3e6584952bb034a481797859f6ab34b6803bd"

[[projects]]
  digest = "1:b7b063b8125b7aeaf179aa4564ba60c896551d702f7c824ace98cc654fc813a0"
  name = "gopkg.in/djherbis/times.v1"
  packages = ["."]
  pruneopts = "UT"
  revision = "847c5208d8924cea0acea3376ff62aede93afe39"
  version = "v1.2.0"

[solve-meta]
  analyzer-name = "dep"
  analyzer-version = 1
  input-imports = [
    "github.com/rwcarlsen/goexif/exif",
    "github.com/rwcarlsen/goexif/mknote",
    "github.com/vbauerster/mpb",
    "github.com/vbauerster/mpb/decor",
    "gopkg.in/djherbis/times.v1",
  ]
  solver-name = "gps-cdcl"
  solver-version = 1
